hash: 287580cc9963c20d638b8ea0c5211bf2b1106c4b242e5f1cb2895af2b18d78ce
updated: 2016-12-24T09:47:51.831396013-05:00
imports:
- name: github.com/golang/glog
  version: 23def4e6c14b4da8ac2ed8007337bc5eb5007998
- name: github.com/google/go-github
  version: 43e7458cf61b30944e822345dc028a649d7f87b4
  subpackages:
  - github
- name: golang.org/x/oauth2
  version: f6093e37b6cb4092101a298aba5d794eb570757f
- name: gopkg.in/yaml.v2
  version: a5b47d31c556af34a302ce5d659e6fea44d90de0
testImports: []
